
Microsoft Visual Studio Solution File, Format Version 12.00
# Visual Studio Version 16
VisualStudioVersion = 16.0.32002.261
MinimumVisualStudioVersion = 10.0.40219.1
Project("{FAE04EC0-301F-11D3-BF4B-00C04F79EFBC}") = "TheSoundsOfPlaces", "TheSoundsOfPlaces\TheSoundsOfPlaces.csproj", "{8DC0FF47-16A3-4438-BD85-9A5524D3CBFB}"
EndProject
Global
	GlobalSection(SolutionConfigurationPlatforms) = preSolution
		Debug|Any CPU = Debug|Any CPU
		Release|Any CPU = Release|Any CPU
	EndGlobalSection
	GlobalSection(ProjectConfigurationPlatforms) = postSolution
		{8DC0FF47-16A3-4438-BD85-9A5524D3CBFB}.Debug|Any CPU.ActiveCfg = Debug|Any CPU
		{8DC0FF47-16A3-4438-BD85-9A5524D3CBFB}.Debug|Any CPU.Build.0 = Debug|Any CPU
		{8DC0FF47-16A3-4438-BD85-9A5524D3CBFB}.Release|Any CPU.ActiveCfg = Release|Any CPU
		{8DC0FF47-16A3-4438-BD85-9A5524D3CBFB}.Release|Any CPU.Build.0 = Release|Any CPU
	EndGlobalSection
	GlobalSection(SolutionProperties) = preSolution
		HideSolutionNode = FALSE
	EndGlobalSection
	GlobalSection(ExtensibilityGlobals) = postSolution
		SolutionGuid = {8CFBF242-4E07-4DDF-8FB3-53CF179462C1}
	EndGlobalSection
EndGlobal
